
Microsoft Visual Studio Solution File, Format Version 12.00
# Visual Studio 15
VisualStudioVersion = 15.0.27130.2027
MinimumVisualStudioVersion = 10.0.40219.1
Project("{9A19103F-16F7-4668-BE54-9A1E7A4F7556}") = "Sombra.Web", "Sombra.Web\Sombra.Web.csproj", "{7A5F9150-536D-490F-B6AF-72E5EAA24154}"
EndProject
Project("{9A19103F-16F7-4668-BE54-9A1E7A4F7556}") = "Sombra.Web.UnitTests", "Sombra.Web.UnitTests\Sombra.Web.UnitTests.csproj", "{7D68CDE1-3252-4574-B8B6-B9475D1596A5}"
EndProject
Project("{9A19103F-16F7-4668-BE54-9A1E7A4F7556}") = "Sombra.Core", "Sombra.Core\Sombra.Core.csproj", "{0F3CBAA2-7B5A-43E2-BF72-1ECB30588525}"
EndProject
Project("{9A19103F-16F7-4668-BE54-9A1E7A4F7556}") = "Sombra.Core.UnitTests", "Sombra.Core.UnitTests\Sombra.Core.UnitTests.csproj", "{49DE0E74-4A2D-4AD5-9B78-C7D954ADF13B}"
EndProject
Project("{E53339B2-1760-4266-BCC7-CA923CBCF16C}") = "docker-compose", "docker-compose.dcproj", "{F35B4B63-459B-4625-887A-F89D91BF2ADB}"
EndProject
Project("{9A19103F-16F7-4668-BE54-9A1E7A4F7556}") = "Sombra.Messaging", "Sombra.Messaging\Sombra.Messaging.csproj", "{B37C650C-548C-427D-A7DC-52DDA7677A8D}"
EndProject
Project("{9A19103F-16F7-4668-BE54-9A1E7A4F7556}") = "Sombra.EmailService", "Sombra.EmailService\Sombra.EmailService.csproj", "{C4852B04-05F2-4470-BAD4-77C36FD419D8}"
EndProject
Project("{9A19103F-16F7-4668-BE54-9A1E7A4F7556}") = "Sombra.LoggingService", "Sombra.LoggingService\Sombra.LoggingService.csproj", "{AE513E19-DF5E-4764-80F5-B66C4D6A1E7A}"
EndProject
Project("{FAE04EC0-301F-11D3-BF4B-00C04F79EFBC}") = "Sombra.Infrastructure", "Sombra.Infrastructure\Sombra.Infrastructure.csproj", "{3AC0E991-D8E2-49BC-A51D-6DA05B646F3F}"
EndProject
Global
	GlobalSection(SolutionConfigurationPlatforms) = preSolution
		Debug|Any CPU = Debug|Any CPU
		Release|Any CPU = Release|Any CPU
	EndGlobalSection
	GlobalSection(ProjectConfigurationPlatforms) = postSolution
		{7A5F9150-536D-490F-B6AF-72E5EAA24154}.Debug|Any CPU.ActiveCfg = Debug|Any CPU
		{7A5F9150-536D-490F-B6AF-72E5EAA24154}.Debug|Any CPU.Build.0 = Debug|Any CPU
		{7A5F9150-536D-490F-B6AF-72E5EAA24154}.Release|Any CPU.ActiveCfg = Release|Any CPU
		{7A5F9150-536D-490F-B6AF-72E5EAA24154}.Release|Any CPU.Build.0 = Release|Any CPU
		{7D68CDE1-3252-4574-B8B6-B9475D1596A5}.Debug|Any CPU.ActiveCfg = Debug|Any CPU
		{7D68CDE1-3252-4574-B8B6-B9475D1596A5}.Debug|Any CPU.Build.0 = Debug|Any CPU
		{7D68CDE1-3252-4574-B8B6-B9475D1596A5}.Release|Any CPU.ActiveCfg = Release|Any CPU
		{7D68CDE1-3252-4574-B8B6-B9475D1596A5}.Release|Any CPU.Build.0 = Release|Any CPU
		{0F3CBAA2-7B5A-43E2-BF72-1ECB30588525}.Debug|Any CPU.ActiveCfg = Debug|Any CPU
		{0F3CBAA2-7B5A-43E2-BF72-1ECB30588525}.Debug|Any CPU.Build.0 = Debug|Any CPU
		{0F3CBAA2-7B5A-43E2-BF72-1ECB30588525}.Release|Any CPU.ActiveCfg = Release|Any CPU
		{0F3CBAA2-7B5A-43E2-BF72-1ECB30588525}.Release|Any CPU.Build.0 = Release|Any CPU
		{49DE0E74-4A2D-4AD5-9B78-C7D954ADF13B}.Debug|Any CPU.ActiveCfg = Debug|Any CPU
		{49DE0E74-4A2D-4AD5-9B78-C7D954ADF13B}.Debug|Any CPU.Build.0 = Debug|Any CPU
		{49DE0E74-4A2D-4AD5-9B78-C7D954ADF13B}.Release|Any CPU.ActiveCfg = Release|Any CPU
		{49DE0E74-4A2D-4AD5-9B78-C7D954ADF13B}.Release|Any CPU.Build.0 = Release|Any CPU
		{F35B4B63-459B-4625-887A-F89D91BF2ADB}.Debug|Any CPU.ActiveCfg = Debug|Any CPU
		{F35B4B63-459B-4625-887A-F89D91BF2ADB}.Debug|Any CPU.Build.0 = Debug|Any CPU
		{F35B4B63-459B-4625-887A-F89D91BF2ADB}.Release|Any CPU.ActiveCfg = Release|Any CPU
		{F35B4B63-459B-4625-887A-F89D91BF2ADB}.Release|Any CPU.Build.0 = Release|Any CPU
		{B37C650C-548C-427D-A7DC-52DDA7677A8D}.Debug|Any CPU.ActiveCfg = Debug|Any CPU
		{B37C650C-548C-427D-A7DC-52DDA7677A8D}.Debug|Any CPU.Build.0 = Debug|Any CPU
		{B37C650C-548C-427D-A7DC-52DDA7677A8D}.Release|Any CPU.ActiveCfg = Release|Any CPU
		{B37C650C-548C-427D-A7DC-52DDA7677A8D}.Release|Any CPU.Build.0 = Release|Any CPU
		{C4852B04-05F2-4470-BAD4-77C36FD419D8}.Debug|Any CPU.ActiveCfg = Debug|Any CPU
		{C4852B04-05F2-4470-BAD4-77C36FD419D8}.Debug|Any CPU.Build.0 = Debug|Any CPU
		{C4852B04-05F2-4470-BAD4-77C36FD419D8}.Release|Any CPU.ActiveCfg = Release|Any CPU
		{C4852B04-05F2-4470-BAD4-77C36FD419D8}.Release|Any CPU.Build.0 = Release|Any CPU
		{AE513E19-DF5E-4764-80F5-B66C4D6A1E7A}.Debug|Any CPU.ActiveCfg = Debug|Any CPU
		{AE513E19-DF5E-4764-80F5-B66C4D6A1E7A}.Debug|Any CPU.Build.0 = Debug|Any CPU
		{AE513E19-DF5E-4764-80F5-B66C4D6A1E7A}.Release|Any CPU.ActiveCfg = Release|Any CPU
		{AE513E19-DF5E-4764-80F5-B66C4D6A1E7A}.Release|Any CPU.Build.0 = Release|Any CPU
		{3AC0E991-D8E2-49BC-A51D-6DA05B646F3F}.Debug|Any CPU.ActiveCfg = Debug|Any CPU
		{3AC0E991-D8E2-49BC-A51D-6DA05B646F3F}.Debug|Any CPU.Build.0 = Debug|Any CPU
		{3AC0E991-D8E2-49BC-A51D-6DA05B646F3F}.Release|Any CPU.ActiveCfg = Release|Any CPU
		{3AC0E991-D8E2-49BC-A51D-6DA05B646F3F}.Release|Any CPU.Build.0 = Release|Any CPU
	EndGlobalSection
	GlobalSection(SolutionProperties) = preSolution
		HideSolutionNode = FALSE
	EndGlobalSection
	GlobalSection(ExtensibilityGlobals) = postSolution
		SolutionGuid = {8CE1A648-DDEF-4B81-9239-165A600E9FFA}
	EndGlobalSection
EndGlobal
